
Microsoft Visual Studio Solution File, Format Version 12.00
# Visual Studio Version 16
VisualStudioVersion = 16.0.31410.357
MinimumVisualStudioVersion = 10.0.40219.1
Project("{FAE04EC0-301F-11D3-BF4B-00C04F79EFBC}") = "WebRTCNET", "WebRTCNET.csproj", "{BB561DD7-94E4-4075-90DA-99A54AB94DBC}"
EndProject
Global
	GlobalSection(SolutionConfigurationPlatforms) = preSolution
		Debug|Any CPU = Debug|Any CPU
		Release|Any CPU = Release|Any CPU
	EndGlobalSection
	GlobalSection(ProjectConfigurationPlatforms) = postSolution
		{BB561DD7-94E4-4075-90DA-99A54AB94DBC}.Debug|Any CPU.ActiveCfg = Debug|Any CPU
		{BB561DD7-94E4-4075-90DA-99A54AB94DBC}.Debug|Any CPU.Build.0 = Debug|Any CPU
		{BB561DD7-94E4-4075-90DA-99A54AB94DBC}.Release|Any CPU.ActiveCfg = Release|Any CPU
		{BB561DD7-94E4-4075-90DA-99A54AB94DBC}.Release|Any CPU.Build.0 = Release|Any CPU
	EndGlobalSection
	GlobalSection(SolutionProperties) = preSolution
		HideSolutionNode = FALSE
	EndGlobalSection
	GlobalSection(ExtensibilityGlobals) = postSolution
		SolutionGuid = {1977DAE9-2F5F-4846-96B6-487DBA4E25F3}
	EndGlobalSection
EndGlobal
